
Microsoft Visual Studio Solution File, Format Version 12.00
# Visual Studio Version 17
VisualStudioVersion = 17.8.34330.188
MinimumVisualStudioVersion = 10.0.40219.1
Project("{FAE04EC0-301F-11D3-BF4B-00C04F79EFBC}") = "MethodsExercises2", "MethodsExercises2.csproj", "{C68A1A28-5395-487C-81BD-5858BC4339EB}"
EndProject
Global
	GlobalSection(SolutionConfigurationPlatforms) = preSolution
		Debug|Any CPU = Debug|Any CPU
		Release|Any CPU = Release|Any CPU
	EndGlobalSection
	GlobalSection(ProjectConfigurationPlatforms) = postSolution
		{C68A1A28-5395-487C-81BD-5858BC4339EB}.Debug|Any CPU.ActiveCfg = Debug|Any CPU
		{C68A1A28-5395-487C-81BD-5858BC4339EB}.Debug|Any CPU.Build.0 = Debug|Any CPU
		{C68A1A28-5395-487C-81BD-5858BC4339EB}.Release|Any CPU.ActiveCfg = Release|Any CPU
		{C68A1A28-5395-487C-81BD-5858BC4339EB}.Release|Any CPU.Build.0 = Release|Any CPU
	EndGlobalSection
	GlobalSection(SolutionProperties) = preSolution
		HideSolutionNode = FALSE
	EndGlobalSection
	GlobalSection(ExtensibilityGlobals) = postSolution
		SolutionGuid = {0E670F23-0990-43F5-9F9B-658E38DD3B43}
	EndGlobalSection
EndGlobal
